
Microsoft Visual Studio Solution File, Format Version 12.00
# Visual Studio Version 17
VisualStudioVersion = 17.0.31903.59
MinimumVisualStudioVersion = 10.0.40219.1
Project("{FAE04EC0-301F-11D3-BF4B-00C04F79EFBC}") = "DartsPro.Api", "DartsPro.Api\DartsPro.Api.csproj", "{96340B70-345F-401B-B0C5-C8756605231F}"
EndProject
Project("{FAE04EC0-301F-11D3-BF4B-00C04F79EFBC}") = "DartsPro.Application", "DartsPro.Application\DartsPro.Application.csproj", "{7818C385-F6BA-452C-8CDE-639DF5088767}"
EndProject
Project("{FAE04EC0-301F-11D3-BF4B-00C04F79EFBC}") = "DartsPro.Domain", "DartsPro.Domain\DartsPro.Domain.csproj", "{CCC05AAB-0E10-4B97-B126-68675B15D499}"
EndProject
Project("{FAE04EC0-301F-11D3-BF4B-00C04F79EFBC}") = "DartsPro.Infrastructure", "DartsPro.Infrastructure\DartsPro.Infrastructure.csproj", "{413E7891-C484-4A8D-A458-053F31EDDA91}"
EndProject
Global
	GlobalSection(SolutionConfigurationPlatforms) = preSolution
		Debug|Any CPU = Debug|Any CPU
		Release|Any CPU = Release|Any CPU
	EndGlobalSection
	GlobalSection(SolutionProperties) = preSolution
		HideSolutionNode = FALSE
	EndGlobalSection
	GlobalSection(ProjectConfigurationPlatforms) = postSolution
		{96340B70-345F-401B-B0C5-C8756605231F}.Debug|Any CPU.ActiveCfg = Debug|Any CPU
		{96340B70-345F-401B-B0C5-C8756605231F}.Debug|Any CPU.Build.0 = Debug|Any CPU
		{96340B70-345F-401B-B0C5-C8756605231F}.Release|Any CPU.ActiveCfg = Release|Any CPU
		{96340B70-345F-401B-B0C5-C8756605231F}.Release|Any CPU.Build.0 = Release|Any CPU
		{7818C385-F6BA-452C-8CDE-639DF5088767}.Debug|Any CPU.ActiveCfg = Debug|Any CPU
		{7818C385-F6BA-452C-8CDE-639DF5088767}.Debug|Any CPU.Build.0 = Debug|Any CPU
		{7818C385-F6BA-452C-8CDE-639DF5088767}.Release|Any CPU.ActiveCfg = Release|Any CPU
		{7818C385-F6BA-452C-8CDE-639DF5088767}.Release|Any CPU.Build.0 = Release|Any CPU
		{CCC05AAB-0E10-4B97-B126-68675B15D499}.Debug|Any CPU.ActiveCfg = Debug|Any CPU
		{CCC05AAB-0E10-4B97-B126-68675B15D499}.Debug|Any CPU.Build.0 = Debug|Any CPU
		{CCC05AAB-0E10-4B97-B126-68675B15D499}.Release|Any CPU.ActiveCfg = Release|Any CPU
		{CCC05AAB-0E10-4B97-B126-68675B15D499}.Release|Any CPU.Build.0 = Release|Any CPU
		{413E7891-C484-4A8D-A458-053F31EDDA91}.Debug|Any CPU.ActiveCfg = Debug|Any CPU
		{413E7891-C484-4A8D-A458-053F31EDDA91}.Debug|Any CPU.Build.0 = Debug|Any CPU
		{413E7891-C484-4A8D-A458-053F31EDDA91}.Release|Any CPU.ActiveCfg = Release|Any CPU
		{413E7891-C484-4A8D-A458-053F31EDDA91}.Release|Any CPU.Build.0 = Release|Any CPU
	EndGlobalSection
EndGlobal
